
Microsoft Visual Studio Solution File, Format Version 12.00
# Visual Studio 15
VisualStudioVersion = 15.0.28307.106
MinimumVisualStudioVersion = 10.0.40219.1
Project("{FAE04EC0-301F-11D3-BF4B-00C04F79EFBC}") = "GospelSub", "GospelSub.Core\GospelSub.Core.csproj", "{49ED02FE-26AB-4732-B30E-D89DF0EF73EE}"
EndProject
Global
	GlobalSection(SolutionConfigurationPlatforms) = preSolution
		Debug|Any CPU = Debug|Any CPU
		Release|Any CPU = Release|Any CPU
	EndGlobalSection
	GlobalSection(ProjectConfigurationPlatforms) = postSolution
		{49ED02FE-26AB-4732-B30E-D89DF0EF73EE}.Debug|Any CPU.ActiveCfg = Debug|Any CPU
		{49ED02FE-26AB-4732-B30E-D89DF0EF73EE}.Debug|Any CPU.Build.0 = Debug|Any CPU
		{49ED02FE-26AB-4732-B30E-D89DF0EF73EE}.Release|Any CPU.ActiveCfg = Release|Any CPU
		{49ED02FE-26AB-4732-B30E-D89DF0EF73EE}.Release|Any CPU.Build.0 = Release|Any CPU
	EndGlobalSection
	GlobalSection(SolutionProperties) = preSolution
		HideSolutionNode = FALSE
	EndGlobalSection
	GlobalSection(ExtensibilityGlobals) = postSolution
		SolutionGuid = {8BFE63A8-AB86-4A1F-92EF-8D228ECA5FE6}
	EndGlobalSection
EndGlobal
